
Microsoft Visual Studio Solution File, Format Version 12.00
# Visual Studio Version 16
VisualStudioVersion = 16.0.31729.503
MinimumVisualStudioVersion = 10.0.40219.1
Project("{FAE04EC0-301F-11D3-BF4B-00C04F79EFBC}") = "GKProj2", "GKProj2\GKProj2.csproj", "{2AF453A6-89D2-453C-8914-93F2A298D59C}"
EndProject
Global
	GlobalSection(SolutionConfigurationPlatforms) = preSolution
		Debug|Any CPU = Debug|Any CPU
		Release|Any CPU = Release|Any CPU
	EndGlobalSection
	GlobalSection(ProjectConfigurationPlatforms) = postSolution
		{2AF453A6-89D2-453C-8914-93F2A298D59C}.Debug|Any CPU.ActiveCfg = Debug|Any CPU
		{2AF453A6-89D2-453C-8914-93F2A298D59C}.Debug|Any CPU.Build.0 = Debug|Any CPU
		{2AF453A6-89D2-453C-8914-93F2A298D59C}.Release|Any CPU.ActiveCfg = Release|Any CPU
		{2AF453A6-89D2-453C-8914-93F2A298D59C}.Release|Any CPU.Build.0 = Release|Any CPU
	EndGlobalSection
	GlobalSection(SolutionProperties) = preSolution
		HideSolutionNode = FALSE
	EndGlobalSection
	GlobalSection(ExtensibilityGlobals) = postSolution
		SolutionGuid = {085FDEED-2551-4A78-8610-740EA89C78CF}
	EndGlobalSection
EndGlobal
